
Microsoft Visual Studio Solution File, Format Version 12.00
# Visual Studio Version 17
VisualStudioVersion = 17.1.32319.34
MinimumVisualStudioVersion = 10.0.40219.1
Project("{FAE04EC0-301F-11D3-BF4B-00C04F79EFBC}") = "CAB201_Assignment_2022_S1", "CAB201_Assignment_2022_S1\CAB201_Assignment_2022_S1.csproj", "{9284FD98-EA7F-4DB9-AED9-A4A63C9302DF}"
EndProject
Global
	GlobalSection(SolutionConfigurationPlatforms) = preSolution
		Debug|Any CPU = Debug|Any CPU
		Release|Any CPU = Release|Any CPU
	EndGlobalSection
	GlobalSection(ProjectConfigurationPlatforms) = postSolution
		{9284FD98-EA7F-4DB9-AED9-A4A63C9302DF}.Debug|Any CPU.ActiveCfg = Debug|Any CPU
		{9284FD98-EA7F-4DB9-AED9-A4A63C9302DF}.Debug|Any CPU.Build.0 = Debug|Any CPU
		{9284FD98-EA7F-4DB9-AED9-A4A63C9302DF}.Release|Any CPU.ActiveCfg = Release|Any CPU
		{9284FD98-EA7F-4DB9-AED9-A4A63C9302DF}.Release|Any CPU.Build.0 = Release|Any CPU
	EndGlobalSection
	GlobalSection(SolutionProperties) = preSolution
		HideSolutionNode = FALSE
	EndGlobalSection
	GlobalSection(ExtensibilityGlobals) = postSolution
		SolutionGuid = {ACB4F4BD-51AD-4602-A5A8-C105B3BDBD9C}
	EndGlobalSection
EndGlobal
